
Microsoft Visual Studio Solution File, Format Version 12.00
# Visual Studio 14
VisualStudioVersion = 14.0.25420.1
MinimumVisualStudioVersion = 10.0.40219.1
Project("{2150E333-8FDC-42A3-9474-1A3956D46DE8}") = "Umbraco-CMS", "Umbraco-CMS", "{57887CAF-0A68-430B-898F-7EA368B77678}"
EndProject
Project("{FAE04EC0-301F-11D3-BF4B-00C04F79EFBC}") = "Umbraco-CMS", "Umbraco-DEV\Umbraco-CMS.csproj", "{2CF5A1CF-D6B1-4B80-81E2-07C745C0EF02}"
EndProject
Project("{2150E333-8FDC-42A3-9474-1A3956D46DE8}") = "SDL-Tridion", "SDL-Tridion", "{5A8CBA39-4238-4167-A254-C6707C78F367}"
EndProject
Project("{2150E333-8FDC-42A3-9474-1A3956D46DE8}") = "Business Connector", "Business Connector", "{29690DF6-B6AA-4C4B-A320-9583CE372C67}"
EndProject
Project("{FAE04EC0-301F-11D3-BF4B-00C04F79EFBC}") = "Umbraco.BAL", "Umbraco.DEV.BAL\Umbraco.BAL.csproj", "{813456CF-AB56-4843-AEA8-B485F7966966}"
EndProject
Project("{FAE04EC0-301F-11D3-BF4B-00C04F79EFBC}") = "CmsTalkToCms.BusinessConnector", "CmsTalkToCms.BusinessConnector\CmsTalkToCms.BusinessConnector.csproj", "{49632B33-F1C3-4FB8-97AA-97099F30C796}"
EndProject
Project("{FAE04EC0-301F-11D3-BF4B-00C04F79EFBC}") = "SDLTridion.CoreService", "SDLTridion.CoreService\SDLTridion.CoreService.csproj", "{4D552BE7-E3C8-4C1E-B192-20F9C9623D3B}"
EndProject
Project("{FAE04EC0-301F-11D3-BF4B-00C04F79EFBC}") = "SDLTridion.TridionObjects", "SDLTridion.TridionObjects\SDLTridion.TridionObjects.csproj", "{2D04879C-BF9C-4B02-B31B-98A338FDEB10}"
EndProject
Project("{FAE04EC0-301F-11D3-BF4B-00C04F79EFBC}") = "CmsTalkToCms.Client", "CmsTalkToCms.Client\CmsTalkToCms.Client.csproj", "{3C108402-2D3D-4632-892F-5FD86A042624}"
	ProjectSection(ProjectDependencies) = postProject
		{2CF5A1CF-D6B1-4B80-81E2-07C745C0EF02} = {2CF5A1CF-D6B1-4B80-81E2-07C745C0EF02}
	EndProjectSection
EndProject
Project("{FAE04EC0-301F-11D3-BF4B-00C04F79EFBC}") = "CmsTalkToCms.Common", "CmsTalkToCms.Common\CmsTalkToCms.Common.csproj", "{703B02D6-7665-4BD4-ADE1-8C008DC52865}"
EndProject
Project("{2150E333-8FDC-42A3-9474-1A3956D46DE8}") = "Generic.DataStructure", "Generic.DataStructure", "{AC30A4AB-7F9C-4EEA-9641-4B0C4A64EE17}"
EndProject
Project("{FAE04EC0-301F-11D3-BF4B-00C04F79EFBC}") = "CmsTalkToCms.GenericDataStructure", "CmsTalkToCms.GenericDataStructure\CmsTalkToCms.GenericDataStructure.csproj", "{E7AA0064-93B1-44EC-A86E-19CA2C34096F}"
EndProject
Project("{2150E333-8FDC-42A3-9474-1A3956D46DE8}") = "Generic.Common", "Generic.Common", "{94A8285F-04D7-4DD8-841F-ECB094DD862C}"
EndProject
Project("{FAE04EC0-301F-11D3-BF4B-00C04F79EFBC}") = "Generic.Common.Logging", "Generic.Common.Logging\Generic.Common.Logging.csproj", "{85D84CA6-825E-43AB-8D55-2F3D5F0A46AE}"
EndProject
Global
	GlobalSection(SolutionConfigurationPlatforms) = preSolution
		Debug|Any CPU = Debug|Any CPU
		Release|Any CPU = Release|Any CPU
	EndGlobalSection
	GlobalSection(ProjectConfigurationPlatforms) = postSolution
		{2CF5A1CF-D6B1-4B80-81E2-07C745C0EF02}.Debug|Any CPU.ActiveCfg = Debug|Any CPU
		{2CF5A1CF-D6B1-4B80-81E2-07C745C0EF02}.Debug|Any CPU.Build.0 = Debug|Any CPU
		{2CF5A1CF-D6B1-4B80-81E2-07C745C0EF02}.Release|Any CPU.ActiveCfg = Release|Any CPU
		{2CF5A1CF-D6B1-4B80-81E2-07C745C0EF02}.Release|Any CPU.Build.0 = Release|Any CPU
		{813456CF-AB56-4843-AEA8-B485F7966966}.Debug|Any CPU.ActiveCfg = Debug|Any CPU
		{813456CF-AB56-4843-AEA8-B485F7966966}.Debug|Any CPU.Build.0 = Debug|Any CPU
		{813456CF-AB56-4843-AEA8-B485F7966966}.Release|Any CPU.ActiveCfg = Release|Any CPU
		{813456CF-AB56-4843-AEA8-B485F7966966}.Release|Any CPU.Build.0 = Release|Any CPU
		{49632B33-F1C3-4FB8-97AA-97099F30C796}.Debug|Any CPU.ActiveCfg = Debug|Any CPU
		{49632B33-F1C3-4FB8-97AA-97099F30C796}.Debug|Any CPU.Build.0 = Debug|Any CPU
		{49632B33-F1C3-4FB8-97AA-97099F30C796}.Release|Any CPU.ActiveCfg = Release|Any CPU
		{49632B33-F1C3-4FB8-97AA-97099F30C796}.Release|Any CPU.Build.0 = Release|Any CPU
		{4D552BE7-E3C8-4C1E-B192-20F9C9623D3B}.Debug|Any CPU.ActiveCfg = Debug|Any CPU
		{4D552BE7-E3C8-4C1E-B192-20F9C9623D3B}.Debug|Any CPU.Build.0 = Debug|Any CPU
		{4D552BE7-E3C8-4C1E-B192-20F9C9623D3B}.Release|Any CPU.ActiveCfg = Release|Any CPU
		{4D552BE7-E3C8-4C1E-B192-20F9C9623D3B}.Release|Any CPU.Build.0 = Release|Any CPU
		{2D04879C-BF9C-4B02-B31B-98A338FDEB10}.Debug|Any CPU.ActiveCfg = Debug|Any CPU
		{2D04879C-BF9C-4B02-B31B-98A338FDEB10}.Debug|Any CPU.Build.0 = Debug|Any CPU
		{2D04879C-BF9C-4B02-B31B-98A338FDEB10}.Release|Any CPU.ActiveCfg = Release|Any CPU
		{2D04879C-BF9C-4B02-B31B-98A338FDEB10}.Release|Any CPU.Build.0 = Release|Any CPU
		{3C108402-2D3D-4632-892F-5FD86A042624}.Debug|Any CPU.ActiveCfg = Debug|Any CPU
		{3C108402-2D3D-4632-892F-5FD86A042624}.Debug|Any CPU.Build.0 = Debug|Any CPU
		{3C108402-2D3D-4632-892F-5FD86A042624}.Release|Any CPU.ActiveCfg = Release|Any CPU
		{3C108402-2D3D-4632-892F-5FD86A042624}.Release|Any CPU.Build.0 = Release|Any CPU
		{703B02D6-7665-4BD4-ADE1-8C008DC52865}.Debug|Any CPU.ActiveCfg = Debug|Any CPU
		{703B02D6-7665-4BD4-ADE1-8C008DC52865}.Debug|Any CPU.Build.0 = Debug|Any CPU
		{703B02D6-7665-4BD4-ADE1-8C008DC52865}.Release|Any CPU.ActiveCfg = Release|Any CPU
		{703B02D6-7665-4BD4-ADE1-8C008DC52865}.Release|Any CPU.Build.0 = Release|Any CPU
		{E7AA0064-93B1-44EC-A86E-19CA2C34096F}.Debug|Any CPU.ActiveCfg = Debug|Any CPU
		{E7AA0064-93B1-44EC-A86E-19CA2C34096F}.Debug|Any CPU.Build.0 = Debug|Any CPU
		{E7AA0064-93B1-44EC-A86E-19CA2C34096F}.Release|Any CPU.ActiveCfg = Release|Any CPU
		{E7AA0064-93B1-44EC-A86E-19CA2C34096F}.Release|Any CPU.Build.0 = Release|Any CPU
		{85D84CA6-825E-43AB-8D55-2F3D5F0A46AE}.Debug|Any CPU.ActiveCfg = Debug|Any CPU
		{85D84CA6-825E-43AB-8D55-2F3D5F0A46AE}.Debug|Any CPU.Build.0 = Debug|Any CPU
		{85D84CA6-825E-43AB-8D55-2F3D5F0A46AE}.Release|Any CPU.ActiveCfg = Release|Any CPU
		{85D84CA6-825E-43AB-8D55-2F3D5F0A46AE}.Release|Any CPU.Build.0 = Release|Any CPU
	EndGlobalSection
	GlobalSection(SolutionProperties) = preSolution
		HideSolutionNode = FALSE
	EndGlobalSection
	GlobalSection(NestedProjects) = preSolution
		{2CF5A1CF-D6B1-4B80-81E2-07C745C0EF02} = {57887CAF-0A68-430B-898F-7EA368B77678}
		{813456CF-AB56-4843-AEA8-B485F7966966} = {57887CAF-0A68-430B-898F-7EA368B77678}
		{49632B33-F1C3-4FB8-97AA-97099F30C796} = {29690DF6-B6AA-4C4B-A320-9583CE372C67}
		{4D552BE7-E3C8-4C1E-B192-20F9C9623D3B} = {5A8CBA39-4238-4167-A254-C6707C78F367}
		{2D04879C-BF9C-4B02-B31B-98A338FDEB10} = {5A8CBA39-4238-4167-A254-C6707C78F367}
		{3C108402-2D3D-4632-892F-5FD86A042624} = {29690DF6-B6AA-4C4B-A320-9583CE372C67}
		{703B02D6-7665-4BD4-ADE1-8C008DC52865} = {29690DF6-B6AA-4C4B-A320-9583CE372C67}
		{E7AA0064-93B1-44EC-A86E-19CA2C34096F} = {AC30A4AB-7F9C-4EEA-9641-4B0C4A64EE17}
		{85D84CA6-825E-43AB-8D55-2F3D5F0A46AE} = {94A8285F-04D7-4DD8-841F-ECB094DD862C}
	EndGlobalSection
EndGlobal
